
Microsoft Visual Studio Solution File, Format Version 12.00
# Visual Studio Version 16
VisualStudioVersion = 16.0.33423.256
MinimumVisualStudioVersion = 10.0.40219.1
Project("{FAE04EC0-301F-11D3-BF4B-00C04F79EFBC}") = "Tetris", "Tetris\Tetris.csproj", "{BF42E95C-4CE3-478B-8D0D-FAC587893A95}"
EndProject
Project("{FAE04EC0-301F-11D3-BF4B-00C04F79EFBC}") = "Collections", "Collections\Collections.csproj", "{73041018-2A8E-4466-871F-5F385804A16F}"
EndProject
Global
	GlobalSection(SolutionConfigurationPlatforms) = preSolution
		Debug|Any CPU = Debug|Any CPU
		Release|Any CPU = Release|Any CPU
	EndGlobalSection
	GlobalSection(ProjectConfigurationPlatforms) = postSolution
		{BF42E95C-4CE3-478B-8D0D-FAC587893A95}.Debug|Any CPU.ActiveCfg = Debug|Any CPU
		{BF42E95C-4CE3-478B-8D0D-FAC587893A95}.Debug|Any CPU.Build.0 = Debug|Any CPU
		{BF42E95C-4CE3-478B-8D0D-FAC587893A95}.Release|Any CPU.ActiveCfg = Release|Any CPU
		{BF42E95C-4CE3-478B-8D0D-FAC587893A95}.Release|Any CPU.Build.0 = Release|Any CPU
		{73041018-2A8E-4466-871F-5F385804A16F}.Debug|Any CPU.ActiveCfg = Debug|Any CPU
		{73041018-2A8E-4466-871F-5F385804A16F}.Debug|Any CPU.Build.0 = Debug|Any CPU
		{73041018-2A8E-4466-871F-5F385804A16F}.Release|Any CPU.ActiveCfg = Release|Any CPU
		{73041018-2A8E-4466-871F-5F385804A16F}.Release|Any CPU.Build.0 = Release|Any CPU
	EndGlobalSection
	GlobalSection(SolutionProperties) = preSolution
		HideSolutionNode = FALSE
	EndGlobalSection
	GlobalSection(ExtensibilityGlobals) = postSolution
		SolutionGuid = {5B482DAE-BDB2-41FF-B445-5CCB6B9F661D}
	EndGlobalSection
EndGlobal
